
Microsoft Visual Studio Solution File, Format Version 12.00
# Visual Studio Version 17
VisualStudioVersion = 17.3.32825.248
MinimumVisualStudioVersion = 10.0.40219.1
Project("{FAE04EC0-301F-11D3-BF4B-00C04F79EFBC}") = "Section10", "Section10\Section10.csproj", "{94582D68-DEC2-4D81-9FA8-6D11C6AC2A4E}"
EndProject
Global
	GlobalSection(SolutionConfigurationPlatforms) = preSolution
		Debug|Any CPU = Debug|Any CPU
		Release|Any CPU = Release|Any CPU
	EndGlobalSection
	GlobalSection(ProjectConfigurationPlatforms) = postSolution
		{94582D68-DEC2-4D81-9FA8-6D11C6AC2A4E}.Debug|Any CPU.ActiveCfg = Debug|Any CPU
		{94582D68-DEC2-4D81-9FA8-6D11C6AC2A4E}.Debug|Any CPU.Build.0 = Debug|Any CPU
		{94582D68-DEC2-4D81-9FA8-6D11C6AC2A4E}.Release|Any CPU.ActiveCfg = Release|Any CPU
		{94582D68-DEC2-4D81-9FA8-6D11C6AC2A4E}.Release|Any CPU.Build.0 = Release|Any CPU
	EndGlobalSection
	GlobalSection(SolutionProperties) = preSolution
		HideSolutionNode = FALSE
	EndGlobalSection
	GlobalSection(ExtensibilityGlobals) = postSolution
		SolutionGuid = {0D1B95DE-044A-4A37-B281-EA4B10698DDD}
	EndGlobalSection
EndGlobal
